{
  "name": "react-color-picker",
  "version": "1.0.0",
  "lockfileVersion": 1,
  "requires": true,
  "dependencies": {
    "@babel/helper-plugin-utils": {
      "version": "7.10.4",
      "resolved": "https://registry.npmjs.org/@babel/helper-plugin-utils/-/helper-plugin-utils-7.10.4.tgz",
      "integrity": "sha512-O4KCvQA6lLiMU9l2eawBPMf1xPP8xPfB3iEQw150hOVTqj/rfXz0ThTb4HEzqQfs2Bmo5Ay8BzxfzVtBrr9dVg=="
    },
    "@babel/plugin-transform-arrow-functions": {
      "version": "7.12.1",
      "resolved": "https://registry.npmjs.org/@babel/plugin-transform-arrow-functions/-/plugin-transform-arrow-functions-7.12.1.tgz",
      "integrity": "sha512-5QB50qyN44fzzz4/qxDPQMBCTHgxg3n0xRBLJUmBlLoU/sFvxVWGZF/ZUfMVDQuJUKXaBhbupxIzIfZ6Fwk/0A==",
      "requires": {
        "@babel/helper-plugin-utils": "^7.10.4"
      }
    },
    "@babel/polyfill": {
      "version": "7.12.1",
      "resolved": "https://registry.npmjs.org/@babel/polyfill/-/polyfill-7.12.1.tgz",
      "integrity": "sha512-X0pi0V6gxLi6lFZpGmeNa4zxtwEmCs42isWLNjZZDE0Y8yVfgu0T2OAHlzBbdYlqbW/YXVvoBHpATEM+goCj8g==",
      "requires": {
        "core-js": "^2.6.5",
        "regenerator-runtime": "^0.13.4"
      }
    },
    "color-format-converter": {
      "version": "file:color/color-format-converter",
      "requires": {
        "@babel/plugin-transform-arrow-functions": "^7.10.4",
        "@babel/polyfill": "^7.11.5"
      }
    },
    "core-js": {
      "version": "2.6.11",
      "resolved": "https://registry.npmjs.org/core-js/-/core-js-2.6.11.tgz",
      "integrity": "sha512-5wjnpaT/3dV+XB4borEsnAYQchn00XSgTAWKDkEqv+K8KevjbzmofK6hfJ9TZIlpj2N0xQpazy7PiRQiWHqzWg=="
    },
    "cpg-color": {
      "version": "file:color",
      "requires": {
        "color-format-converter": "file:color/color-format-converter"
      }
    },
    "regenerator-runtime": {
      "version": "0.13.7",
      "resolved": "https://registry.npmjs.org/regenerator-runtime/-/regenerator-runtime-0.13.7.tgz",
      "integrity": "sha512-a54FxoJDIr27pgf7IgeQGxmqUNYrcV338lf/6gH456HZ/PhX+5BcwHXG9ajESmwe6WRO0tAzRUrRmNONWgkrew=="
    }
  }
}
